
Microsoft Visual Studio Solution File, Format Version 12.00
# Visual Studio Version 16
VisualStudioVersion = 16.0.31112.23
MinimumVisualStudioVersion = 10.0.40219.1
Project("{FAE04EC0-301F-11D3-BF4B-00C04F79EFBC}") = "InetumTask", "InetumTask\InetumTask.csproj", "{7F485AAE-75B7-45F0-A198-F36ACEF47A54}"
EndProject
Project("{FAE04EC0-301F-11D3-BF4B-00C04F79EFBC}") = "InetumTask.Business", "InetumTask.Business\InetumTask.Business.csproj", "{15C05627-C7ED-4F47-AA5F-801813D2ED64}"
EndProject
Project("{FAE04EC0-301F-11D3-BF4B-00C04F79EFBC}") = "InetumTask.DAL", "InetumTask.DAL\InetumTask.DAL.csproj", "{4BD12AC3-4261-4E51-9288-98879DD70870}"
EndProject
Project("{FAE04EC0-301F-11D3-BF4B-00C04F79EFBC}") = "InetumTask.DTO", "InetumTask.DTO\InetumTask.DTO.csproj", "{A9FAB4C8-EF65-4A4A-AF59-2E7168241512}"
EndProject
Global
	GlobalSection(SolutionConfigurationPlatforms) = preSolution
		Debug|Any CPU = Debug|Any CPU
		Release|Any CPU = Release|Any CPU
	EndGlobalSection
	GlobalSection(ProjectConfigurationPlatforms) = postSolution
		{7F485AAE-75B7-45F0-A198-F36ACEF47A54}.Debug|Any CPU.ActiveCfg = Debug|Any CPU
		{7F485AAE-75B7-45F0-A198-F36ACEF47A54}.Debug|Any CPU.Build.0 = Debug|Any CPU
		{7F485AAE-75B7-45F0-A198-F36ACEF47A54}.Release|Any CPU.ActiveCfg = Release|Any CPU
		{7F485AAE-75B7-45F0-A198-F36ACEF47A54}.Release|Any CPU.Build.0 = Release|Any CPU
		{15C05627-C7ED-4F47-AA5F-801813D2ED64}.Debug|Any CPU.ActiveCfg = Debug|Any CPU
		{15C05627-C7ED-4F47-AA5F-801813D2ED64}.Debug|Any CPU.Build.0 = Debug|Any CPU
		{15C05627-C7ED-4F47-AA5F-801813D2ED64}.Release|Any CPU.ActiveCfg = Release|Any CPU
		{15C05627-C7ED-4F47-AA5F-801813D2ED64}.Release|Any CPU.Build.0 = Release|Any CPU
		{4BD12AC3-4261-4E51-9288-98879DD70870}.Debug|Any CPU.ActiveCfg = Debug|Any CPU
		{4BD12AC3-4261-4E51-9288-98879DD70870}.Debug|Any CPU.Build.0 = Debug|Any CPU
		{4BD12AC3-4261-4E51-9288-98879DD70870}.Release|Any CPU.ActiveCfg = Release|Any CPU
		{4BD12AC3-4261-4E51-9288-98879DD70870}.Release|Any CPU.Build.0 = Release|Any CPU
		{A9FAB4C8-EF65-4A4A-AF59-2E7168241512}.Debug|Any CPU.ActiveCfg = Debug|Any CPU
		{A9FAB4C8-EF65-4A4A-AF59-2E7168241512}.Debug|Any CPU.Build.0 = Debug|Any CPU
		{A9FAB4C8-EF65-4A4A-AF59-2E7168241512}.Release|Any CPU.ActiveCfg = Release|Any CPU
		{A9FAB4C8-EF65-4A4A-AF59-2E7168241512}.Release|Any CPU.Build.0 = Release|Any CPU
	EndGlobalSection
	GlobalSection(SolutionProperties) = preSolution
		HideSolutionNode = FALSE
	EndGlobalSection
	GlobalSection(ExtensibilityGlobals) = postSolution
		SolutionGuid = {F3D23C9C-081A-46DB-A541-84D8E0F35D09}
	EndGlobalSection
EndGlobal
